
Microsoft Visual Studio Solution File, Format Version 12.00
# Visual Studio for Mac
Project("{FAE04EC0-301F-11D3-BF4B-00C04F79EFBC}") = "Tests(play)1", "Tests(play)1.csproj", "{67BF564E-5952-EF8B-B9BD-81C752C2B384}"
EndProject
Global
	GlobalSection(SolutionConfigurationPlatforms) = preSolution
		Debug|Any CPU = Debug|Any CPU
		Release|Any CPU = Release|Any CPU
	EndGlobalSection
	GlobalSection(ProjectConfigurationPlatforms) = postSolution
		{67BF564E-5952-EF8B-B9BD-81C752C2B384}.Debug|Any CPU.ActiveCfg = Debug|Any CPU
		{67BF564E-5952-EF8B-B9BD-81C752C2B384}.Debug|Any CPU.Build.0 = Debug|Any CPU
		{67BF564E-5952-EF8B-B9BD-81C752C2B384}.Release|Any CPU.ActiveCfg = Release|Any CPU
		{67BF564E-5952-EF8B-B9BD-81C752C2B384}.Release|Any CPU.Build.0 = Release|Any CPU
	EndGlobalSection
	GlobalSection(SolutionProperties) = preSolution
		HideSolutionNode = FALSE
	EndGlobalSection
	GlobalSection(MonoDevelopProperties) = preSolution
		StartupItem = Assembly-CSharp.csproj
	EndGlobalSection
EndGlobal
